// !$*UTF8*$!
{
	archiveVersion = 1;
	classes = {
	};
	objectVersion = 50;
	objects = {

/* Begin PBXBuildFile section */
		276081F524759C130086B49C /* AppDelegate.swift in Sources */ = {isa = PBXBuildFile; fileRef = 276081F424759C130086B49C /* AppDelegate.swift */; };
		276081F724759C130086B49C /* SceneDelegate.swift in Sources */ = {isa = PBXBuildFile; fileRef = 276081F624759C130086B49C /* SceneDelegate.swift */; };
		276081F924759C130086B49C /* ContentView.swift in Sources */ = {isa = PBXBuildFile; fileRef = 276081F824759C130086B49C /* ContentView.swift */; };
		276081FB24759C1A0086B49C /* Assets.xcassets in Resources */ = {isa = PBXBuildFile; fileRef = 276081FA24759C1A0086B49C /* Assets.xcassets */; };
		276081FE24759C1A0086B49C /* Preview Assets.xcassets in Resources */ = {isa = PBXBuildFile; fileRef = 276081FD24759C1A0086B49C /* Preview Assets.xcassets */; };
		2760820124759C1A0086B49C /* LaunchScreen.storyboard in Resources */ = {isa = PBXBuildFile; fileRef = 276081FF24759C1A0086B49C /* LaunchScreen.storyboard */; };
		2760820A2475A6600086B49C /* landmarks.json in Resources */ = {isa = PBXBuildFile; fileRef = 276082092475A6600086B49C /* landmarks.json */; };
		2760820D2475A6FA0086B49C /* LandMark.swift in Sources */ = {isa = PBXBuildFile; fileRef = 2760820C2475A6FA0086B49C /* LandMark.swift */; };
		2760820F2475A8610086B49C /* BundleDecoder.swift in Sources */ = {isa = PBXBuildFile; fileRef = 2760820E2475A8610086B49C /* BundleDecoder.swift */; };
		276082112475AD5B0086B49C /* LandMarkRow.swift in Sources */ = {isa = PBXBuildFile; fileRef = 276082102475AD5B0086B49C /* LandMarkRow.swift */; };
		276082142475AFDB0086B49C /* LandMarkDetailView.swift in Sources */ = {isa = PBXBuildFile; fileRef = 276082132475AFDB0086B49C /* LandMarkDetailView.swift */; };
		27B428882475BA4A00CB55AC /* SearchBarView.swift in Sources */ = {isa = PBXBuildFile; fileRef = 27B428872475BA4A00CB55AC /* SearchBarView.swift */; };
/* End PBXBuildFile section */

/* Begin PBXFileReference section */
		276081F124759C130086B49C /* ListAndNavigation.app */ = {isa = PBXFileReference; explicitFileType = wrapper.application; includeInIndex = 0; path = ListAndNavigation.app; sourceTree = BUILT_PRODUCTS_DIR; };
		276081F424759C130086B49C /* AppDelegate.swift */ = {isa = PBXFileReference; lastKnownFileType = sourcecode.swift; path = AppDelegate.swift; sourceTree = "<group>"; };
		276081F624759C130086B49C /* SceneDelegate.swift */ = {isa = PBXFileReference; lastKnownFileType = sourcecode.swift; path = SceneDelegate.swift; sourceTree = "<group>"; };
		276081F824759C130086B49C /* ContentView.swift */ = {isa = PBXFileReference; lastKnownFileType = sourcecode.swift; path = ContentView.swift; sourceTree = "<group>"; };
		276081FA24759C1A0086B49C /* Assets.xcassets */ = {isa = PBXFileReference; lastKnownFileType = folder.assetcatalog; path = Assets.xcassets; sourceTree = "<group>"; };
		276081FD24759C1A0086B49C /* Preview Assets.xcassets */ = {isa = PBXFileReference; lastKnownFileType = folder.assetcatalog; path = "Preview Assets.xcassets"; sourceTree = "<group>"; };
		2760820024759C1A0086B49C /* Base */ = {isa = PBXFileReference; lastKnownFileType = file.storyboard; name = Base; path = Base.lproj/LaunchScreen.storyboard; sourceTree = "<group>"; };
		2760820224759C1A0086B49C /* Info.plist */ = {isa = PBXFileReference; lastKnownFileType = text.plist.xml; path = Info.plist; sourceTree = "<group>"; };
		276082092475A6600086B49C /* landmarks.json */ = {isa = PBXFileReference; fileEncoding = 4; lastKnownFileType = text.json; path = landmarks.json; sourceTree = "<group>"; };
		2760820C2475A6FA0086B49C /* LandMark.swift */ = {isa = PBXFileReference; lastKnownFileType = sourcecode.swift; path = LandMark.swift; sourceTree = "<group>"; };
		2760820E2475A8610086B49C /* BundleDecoder.swift */ = {isa = PBXFileReference; lastKnownFileType = sourcecode.swift; path = BundleDecoder.swift; sourceTree = "<group>"; };
		276082102475AD5B0086B49C /* LandMarkRow.swift */ = {isa = PBXFileReference; lastKnownFileType = sourcecode.swift; path = LandMarkRow.swift; sourceTree = "<group>"; };
		276082132475AFDB0086B49C /* LandMarkDetailView.swift */ = {isa = PBXFileReference; lastKnownFileType = sourcecode.swift; path = LandMarkDetailView.swift; sourceTree = "<group>"; };
		27B428872475BA4A00CB55AC /* SearchBarView.swift */ = {isa = PBXFileReference; lastKnownFileType = sourcecode.swift; path = SearchBarView.swift; sourceTree = "<group>"; };
/* End PBXFileReference section */

/* Begin PBXFrameworksBuildPhase section */
		276081EE24759C130086B49C /* Frameworks */ = {
			isa = PBXFrameworksBuildPhase;
			buildActionMask = 2147483647;
			files = (
			);
			runOnlyForDeploymentPostprocessing = 0;
		};
/* End PBXFrameworksBuildPhase section */

/* Begin PBXGroup section */
		276081E824759C120086B49C = {
			isa = PBXGroup;
			children = (
				276081F324759C130086B49C /* ListAndNavigation */,
				276081F224759C130086B49C /* Products */,
			);
			sourceTree = "<group>";
		};
		276081F224759C130086B49C /* Products */ = {
			isa = PBXGroup;
			children = (
				276081F124759C130086B49C /* ListAndNavigation.app */,
			);
			name = Products;
			sourceTree = "<group>";
		};
		276081F324759C130086B49C /* ListAndNavigation */ = {
			isa = PBXGroup;
			children = (
				276082122475AFB60086B49C /* View */,
				2760820B2475A6E70086B49C /* Model */,
				276082082475A6600086B49C /* JsonResource */,
				276081F424759C130086B49C /* AppDelegate.swift */,
				276081F624759C130086B49C /* SceneDelegate.swift */,
				276081FA24759C1A0086B49C /* Assets.xcassets */,
				276081FF24759C1A0086B49C /* LaunchScreen.storyboard */,
				2760820224759C1A0086B49C /* Info.plist */,
				276081FC24759C1A0086B49C /* Preview Content */,
				2760820E2475A8610086B49C /* BundleDecoder.swift */,
			);
			path = ListAndNavigation;
			sourceTree = "<group>";
		};
		276081FC24759C1A0086B49C /* Preview Content */ = {
			isa = PBXGroup;
			children = (
				276081FD24759C1A0086B49C /* Preview Assets.xcassets */,
			);
			path = "Preview Content";
			sourceTree = "<group>";
		};
		276082082475A6600086B49C /* JsonResource */ = {
			isa = PBXGroup;
			children = (
				276082092475A6600086B49C /* landmarks.json */,
			);
			path = JsonResource;
			sourceTree = "<group>";
		};
		2760820B2475A6E70086B49C /* Model */ = {
			isa = PBXGroup;
			children = (
				2760820C2475A6FA0086B49C /* LandMark.swift */,
			);
			path = Model;
			sourceTree = "<group>";
		};
		276082122475AFB60086B49C /* View */ = {
			isa = PBXGroup;
			children = (
				276081F824759C130086B49C /* ContentView.swift */,
				276082102475AD5B0086B49C /* LandMarkRow.swift */,
				276082132475AFDB0086B49C /* LandMarkDetailView.swift */,
				27B428872475BA4A00CB55AC /* SearchBarView.swift */,
			);
			path = View;
			sourceTree = "<group>";
		};
/* End PBXGroup section */

/* Begin PBXNativeTarget section */
		276081F024759C130086B49C /* ListAndNavigation */ = {
			isa = PBXNativeTarget;
			buildConfigurationList = 2760820524759C1A0086B49C /* Build configuration list for PBXNativeTarget "ListAndNavigation" */;
			buildPhases = (
				276081ED24759C130086B49C /* Sources */,
				276081EE24759C130086B49C /* Frameworks */,
				276081EF24759C130086B49C /* Resources */,
			);
			buildRules = (
			);
			dependencies = (
			);
			name = ListAndNavigation;
			productName = ListAndNavigation;
			productReference = 276081F124759C130086B49C /* ListAndNavigation.app */;
			productType = "com.apple.product-type.application";
		};
/* End PBXNativeTarget section */

/* Begin PBXProject section */
		276081E924759C130086B49C /* Project object */ = {
			isa = PBXProject;
			attributes = {
				LastSwiftUpdateCheck = 1120;
				LastUpgradeCheck = 1120;
				ORGANIZATIONNAME = Pradeep;
				TargetAttributes = {
					276081F024759C130086B49C = {
						CreatedOnToolsVersion = 11.2.1;
					};
				};
			};
			buildConfigurationList = 276081EC24759C130086B49C /* Build configuration list for PBXProject "ListAndNavigation" */;
			compatibilityVersion = "Xcode 9.3";
			developmentRegion = en;
			hasScannedForEncodings = 0;
			knownRegions = (
				en,
				Base,
			);
			mainGroup = 276081E824759C120086B49C;
			productRefGroup = 276081F224759C130086B49C /* Products */;
			projectDirPath = "";
			projectRoot = "";
			targets = (
				276081F024759C130086B49C /* ListAndNavigation */,
			);
		};
/* End PBXProject section */

/* Begin PBXResourcesBuildPhase section */
		276081EF24759C130086B49C /* Resources */ = {
			isa = PBXResourcesBuildPhase;
			buildActionMask = 2147483647;
			files = (
				2760820124759C1A0086B49C /* LaunchScreen.storyboard in Resources */,
				276081FE24759C1A0086B49C /* Preview Assets.xcassets in Resources */,
				276081FB24759C1A0086B49C /* Assets.xcassets in Resources */,
				2760820A2475A6600086B49C /* landmarks.json in Resources */,
			);
			runOnlyForDeploymentPostprocessing = 0;
		};
/* End PBXResourcesBuildPhase section */

/* Begin PBXSourcesBuildPhase section */
		276081ED24759C130086B49C /* Sources */ = {
			isa = PBXSourcesBuildPhase;
			buildActionMask = 2147483647;
			files = (
				276082112475AD5B0086B49C /* LandMarkRow.swift in Sources */,
				276081F524759C130086B49C /* AppDelegate.swift in Sources */,
				276081F724759C130086B49C /* SceneDelegate.swift in Sources */,
				276081F924759C130086B49C /* ContentView.swift in Sources */,
				27B428882475BA4A00CB55AC /* SearchBarView.swift in Sources */,
				2760820D2475A6FA0086B49C /* LandMark.swift in Sources */,
				276082142475AFDB0086B49C /* LandMarkDetailView.swift in Sources */,
				2760820F2475A8610086B49C /* BundleDecoder.swift in Sources */,
			);
			runOnlyForDeploymentPostprocessing = 0;
		};
/* End PBXSourcesBuildPhase section */

/* Begin PBXVariantGroup section */
		276081FF24759C1A0086B49C /* LaunchScreen.storyboard */ = {
			isa = PBXVariantGroup;
			children = (
				2760820024759C1A0086B49C /* Base */,
			);
			name = LaunchScreen.storyboard;
			sourceTree = "<group>";
		};
/* End PBXVariantGroup section */

/* Begin XCBuildConfiguration section */
		2760820324759C1A0086B49C /* Debug */ = {
			isa = XCBuildConfiguration;
			buildSettings = {
				ALWAYS_SEARCH_USER_PATHS = NO;
				CLANG_ANALYZER_NONNULL = YES;
				CLANG_ANALYZER_NUMBER_OBJECT_CONVERSION = YES_AGGRESSIVE;
				CLANG_CXX_LANGUAGE_STANDARD = "gnu++14";
				CLANG_CXX_LIBRARY = "libc++";
				CLANG_ENABLE_MODULES = YES;
				CLANG_ENABLE_OBJC_ARC = YES;
				CLANG_ENABLE_OBJC_WEAK = YES;
				CLANG_WARN_BLOCK_CAPTURE_AUTORELEASING = YES;
				CLANG_WARN_BOOL_CONVERSION = YES;
				CLANG_WARN_COMMA = YES;
				CLANG_WARN_CONSTANT_CONVERSION = YES;
				CLANG_WARN_DEPRECATED_OBJC_IMPLEMENTATIONS = YES;
				CLANG_WARN_DIRECT_OBJC_ISA_USAGE = YES_ERROR;
				CLANG_WARN_DOCUMENTATION_COMMENTS = YES;
				CLANG_WARN_EMPTY_BODY = YES;
				CLANG_WARN_ENUM_CONVERSION = YES;
				CLANG_WARN_INFINITE_RECURSION = YES;
				CLANG_WARN_INT_CONVERSION = YES;
				CLANG_WARN_NON_LITERAL_NULL_CONVERSION = YES;
				CLANG_WARN_OBJC_IMPLICIT_RETAIN_SELF = YES;
				CLANG_WARN_OBJC_LITERAL_CONVERSION = YES;
				CLANG_WARN_OBJC_ROOT_CLASS = YES_ERROR;
				CLANG_WARN_RANGE_LOOP_ANALYSIS = YES;
				CLANG_WARN_STRICT_PROTOTYPES = YES;
				CLANG_WARN_SUSPICIOUS_MOVE = YES;
				CLANG_WARN_UNGUARDED_AVAILABILITY = YES_AGGRESSIVE;
				CLANG_WARN_UNREACHABLE_CODE = YES;
				CLANG_WARN__DUPLICATE_METHOD_MATCH = YES;
				COPY_PHASE_STRIP = NO;
				DEBUG_INFORMATION_FORMAT = dwarf;
				ENABLE_STRICT_OBJC_MSGSEND = YES;
				ENABLE_TESTABILITY = YES;
				GCC_C_LANGUAGE_STANDARD = gnu11;
				GCC_DYNAMIC_NO_PIC = NO;
				GCC_NO_COMMON_BLOCKS = YES;
				GCC_OPTIMIZATION_LEVEL = 0;
				GCC_PREPROCESSOR_DEFINITIONS = (
					"DEBUG=1",
					"$(inherited)",
				);
				GCC_WARN_64_TO_32_BIT_CONVERSION = YES;
				GCC_WARN_ABOUT_RETURN_TYPE = YES_ERROR;
				GCC_WARN_UNDECLARED_SELECTOR = YES;
				GCC_WARN_UNINITIALIZED_AUTOS = YES_AGGRESSIVE;
				GCC_WARN_UNUSED_FUNCTION = YES;
				GCC_WARN_UNUSED_VARIABLE = YES;
				IPHONEOS_DEPLOYMENT_TARGET = 13.2;
				MTL_ENABLE_DEBUG_INFO = INCLUDE_SOURCE;
				MTL_FAST_MATH = YES;
				ONLY_ACTIVE_ARCH = YES;
				SDKROOT = iphoneos;
				SWIFT_ACTIVE_COMPILATION_CONDITIONS = DEBUG;
				SWIFT_OPTIMIZATION_LEVEL = "-Onone";
			};
			name = Debug;
		};
		2760820424759C1A0086B49C /* Release */ = {
			isa = XCBuildConfiguration;
			buildSettings = {
				ALWAYS_SEARCH_USER_PATHS = NO;
				CLANG_ANALYZER_NONNULL = YES;
				CLANG_ANALYZER_NUMBER_OBJECT_CONVERSION = YES_AGGRESSIVE;
				CLANG_CXX_LANGUAGE_STANDARD = "gnu++14";
				CLANG_CXX_LIBRARY = "libc++";
				CLANG_ENABLE_MODULES = YES;
				CLANG_ENABLE_OBJC_ARC = YES;
				CLANG_ENABLE_OBJC_WEAK = YES;
				CLANG_WARN_BLOCK_CAPTURE_AUTORELEASING = YES;
				CLANG_WARN_BOOL_CONVERSION = YES;
				CLANG_WARN_COMMA = YES;
				CLANG_WARN_CONSTANT_CONVERSION = YES;
				CLANG_WARN_DEPRECATED_OBJC_IMPLEMENTATIONS = YES;
				CLANG_WARN_DIRECT_OBJC_ISA_USAGE = YES_ERROR;
				CLANG_WARN_DOCUMENTATION_COMMENTS = YES;
				CLANG_WARN_EMPTY_BODY = YES;
				CLANG_WARN_ENUM_CONVERSION = YES;
				CLANG_WARN_INFINITE_RECURSION = YES;
				CLANG_WARN_INT_CONVERSION = YES;
				CLANG_WARN_NON_LITERAL_NULL_CONVERSION = YES;
				CLANG_WARN_OBJC_IMPLICIT_RETAIN_SELF = YES;
				CLANG_WARN_OBJC_LITERAL_CONVERSION = YES;
				CLANG_WARN_OBJC_ROOT_CLASS = YES_ERROR;
				CLANG_WARN_RANGE_LOOP_ANALYSIS = YES;
				CLANG_WARN_STRICT_PROTOTYPES = YES;
				CLANG_WARN_SUSPICIOUS_MOVE = YES;
				CLANG_WARN_UNGUARDED_AVAILABILITY = YES_AGGRESSIVE;
				CLANG_WARN_UNREACHABLE_CODE = YES;
				CLANG_WARN__DUPLICATE_METHOD_MATCH = YES;
				COPY_PHASE_STRIP = NO;
				DEBUG_INFORMATION_FORMAT = "dwarf-with-dsym";
				ENABLE_NS_ASSERTIONS = NO;
				ENABLE_STRICT_OBJC_MSGSEND = YES;
				GCC_C_LANGUAGE_STANDARD = gnu11;
				GCC_NO_COMMON_BLOCKS = YES;
				GCC_WARN_64_TO_32_BIT_CONVERSION = YES;
				GCC_WARN_ABOUT_RETURN_TYPE = YES_ERROR;
				GCC_WARN_UNDECLARED_SELECTOR = YES;
				GCC_WARN_UNINITIALIZED_AUTOS = YES_AGGRESSIVE;
				GCC_WARN_UNUSED_FUNCTION = YES;
				GCC_WARN_UNUSED_VARIABLE = YES;
				IPHONEOS_DEPLOYMENT_TARGET = 13.2;
				MTL_ENABLE_DEBUG_INFO = NO;
				MTL_FAST_MATH = YES;
				SDKROOT = iphoneos;
				SWIFT_COMPILATION_MODE = wholemodule;
				SWIFT_OPTIMIZATION_LEVEL = "-O";
				VALIDATE_PRODUCT = YES;
			};
			name = Release;
		};
		2760820624759C1A0086B49C /* Debug */ = {
			isa = XCBuildConfiguration;
			buildSettings = {
				ASSETCATALOG_COMPILER_APPICON_NAME = AppIcon;
				CODE_SIGN_STYLE = Automatic;
				DEVELOPMENT_ASSET_PATHS = "\"ListAndNavigation/Preview Content\"";
				DEVELOPMENT_TEAM = 6BF9ZGVZZA;
				ENABLE_PREVIEWS = YES;
				INFOPLIST_FILE = ListAndNavigation/Info.plist;
				LD_RUNPATH_SEARCH_PATHS = (
					"$(inherited)",
					"@executable_path/Frameworks",
				);
				PRODUCT_BUNDLE_IDENTIFIER = Home.ListAndNavigation;
				PRODUCT_NAME = "$(TARGET_NAME)";
				SWIFT_VERSION = 5.0;
				TARGETED_DEVICE_FAMILY = "1,2";
			};
			name = Debug;
		};
		2760820724759C1A0086B49C /* Release */ = {
			isa = XCBuildConfiguration;
			buildSettings = {
				ASSETCATALOG_COMPILER_APPICON_NAME = AppIcon;
				CODE_SIGN_STYLE = Automatic;
				DEVELOPMENT_ASSET_PATHS = "\"ListAndNavigation/Preview Content\"";
				DEVELOPMENT_TEAM = 6BF9ZGVZZA;
				ENABLE_PREVIEWS = YES;
				INFOPLIST_FILE = ListAndNavigation/Info.plist;
				LD_RUNPATH_SEARCH_PATHS = (
					"$(inherited)",
					"@executable_path/Frameworks",
				);
				PRODUCT_BUNDLE_IDENTIFIER = Home.ListAndNavigation;
				PRODUCT_NAME = "$(TARGET_NAME)";
				SWIFT_VERSION = 5.0;
				TARGETED_DEVICE_FAMILY = "1,2";
			};
			name = Release;
		};
/* End XCBuildConfiguration section */

/* Begin XCConfigurationList section */
		276081EC24759C130086B49C /* Build configuration list for PBXProject "ListAndNavigation" */ = {
			isa = XCConfigurationList;
			buildConfigurations = (
				2760820324759C1A0086B49C /* Debug */,
				2760820424759C1A0086B49C /* Release */,
			);
			defaultConfigurationIsVisible = 0;
			defaultConfigurationName = Release;
		};
		2760820524759C1A0086B49C /* Build configuration list for PBXNativeTarget "ListAndNavigation" */ = {
			isa = XCConfigurationList;
			buildConfigurations = (
				2760820624759C1A0086B49C /* Debug */,
				2760820724759C1A0086B49C /* Release */,
			);
			defaultConfigurationIsVisible = 0;
			defaultConfigurationName = Release;
		};
/* End XCConfigurationList section */
	};
	rootObject = 276081E924759C130086B49C /* Project object */;
}
